// !$*UTF8*$!
{
	archiveVersion = 1;
	classes = {
	};
	objectVersion = 56;
	objects = {

/* Begin PBXBuildFile section */
		1CE683452EAEB2BA0031359B /* MosquitoNotesApp.swift in Sources */ = {isa = PBXBuildFile; fileRef = 1CE683442EAEB2BA0031359B /* MosquitoNotesApp.swift */; };
		1CE683472EAEB2BA0031359B /* ContentView.swift in Sources */ = {isa = PBXBuildFile; fileRef = 1CE683462EAEB2BA0031359B /* ContentView.swift */; };
		1CE683492EAEB2C20031359B /* Assets.xcassets in Resources */ = {isa = PBXBuildFile; fileRef = 1CE683482EAEB2C20031359B /* Assets.xcassets */; };
		1CE6834C2EAEB2C20031359B /* Preview Assets.xcassets in Resources */ = {isa = PBXBuildFile; fileRef = 1CE6834B2EAEB2C20031359B /* Preview Assets.xcassets */; };
		1CE683552EAEC2910031359B /* Nota.swift in Sources */ = {isa = PBXBuildFile; fileRef = 1CE683542EAEC2910031359B /* Nota.swift */; };
		1CE683582EAEC3120031359B /* NotaViewModel.swift in Sources */ = {isa = PBXBuildFile; fileRef = 1CE683572EAEC3120031359B /* NotaViewModel.swift */; };
		1CE6835B2EAEC41A0031359B /* FormView.swift in Sources */ = {isa = PBXBuildFile; fileRef = 1CE6835A2EAEC41A0031359B /* FormView.swift */; };
/* End PBXBuildFile section */

/* Begin PBXFileReference section */
		1C53667E2EB1C07400FE456B /* LICENSE */ = {isa = PBXFileReference; lastKnownFileType = text; path = LICENSE; sourceTree = "<group>"; };
		1C53667F2EB1C17600FE456B /* README.md */ = {isa = PBXFileReference; lastKnownFileType = net.daringfireball.markdown; path = README.md; sourceTree = "<group>"; };
		1CE683412EAEB2BA0031359B /* MosquitoNotes.app */ = {isa = PBXFileReference; explicitFileType = wrapper.application; includeInIndex = 0; path = MosquitoNotes.app; sourceTree = BUILT_PRODUCTS_DIR; };
		1CE683442EAEB2BA0031359B /* MosquitoNotesApp.swift */ = {isa = PBXFileReference; lastKnownFileType = sourcecode.swift; path = MosquitoNotesApp.swift; sourceTree = "<group>"; };
		1CE683462EAEB2BA0031359B /* ContentView.swift */ = {isa = PBXFileReference; lastKnownFileType = sourcecode.swift; path = ContentView.swift; sourceTree = "<group>"; };
		1CE683482EAEB2C20031359B /* Assets.xcassets */ = {isa = PBXFileReference; lastKnownFileType = folder.assetcatalog; path = Assets.xcassets; sourceTree = "<group>"; };
		1CE6834B2EAEB2C20031359B /* Preview Assets.xcassets */ = {isa = PBXFileReference; lastKnownFileType = folder.assetcatalog; path = "Preview Assets.xcassets"; sourceTree = "<group>"; };
		1CE6834D2EAEB2C20031359B /* MosquitoNotes.entitlements */ = {isa = PBXFileReference; lastKnownFileType = text.plist.entitlements; path = MosquitoNotes.entitlements; sourceTree = "<group>"; };
		1CE683542EAEC2910031359B /* Nota.swift */ = {isa = PBXFileReference; lastKnownFileType = sourcecode.swift; path = Nota.swift; sourceTree = "<group>"; };
		1CE683572EAEC3120031359B /* NotaViewModel.swift */ = {isa = PBXFileReference; lastKnownFileType = sourcecode.swift; path = NotaViewModel.swift; sourceTree = "<group>"; };
		1CE6835A2EAEC41A0031359B /* FormView.swift */ = {isa = PBXFileReference; lastKnownFileType = sourcecode.swift; path = FormView.swift; sourceTree = "<group>"; };
/* End PBXFileReference section */

/* Begin PBXFrameworksBuildPhase section */
		1CE6833E2EAEB2BA0031359B /* Frameworks */ = {
			isa = PBXFrameworksBuildPhase;
			buildActionMask = 2147483647;
			files = (
			);
			runOnlyForDeploymentPostprocessing = 0;
		};
/* End PBXFrameworksBuildPhase section */

/* Begin PBXGroup section */
		1CE683382EAEB2BA0031359B = {
			isa = PBXGroup;
			children = (
				1C53667E2EB1C07400FE456B /* LICENSE */,
				1C53667F2EB1C17600FE456B /* README.md */,
				1CE683432EAEB2BA0031359B /* MosquitoNotes */,
				1CE683422EAEB2BA0031359B /* Products */,
			);
			sourceTree = "<group>";
		};
		1CE683422EAEB2BA0031359B /* Products */ = {
			isa = PBXGroup;
			children = (
				1CE683412EAEB2BA0031359B /* MosquitoNotes.app */,
			);
			name = Products;
			sourceTree = "<group>";
		};
		1CE683432EAEB2BA0031359B /* MosquitoNotes */ = {
			isa = PBXGroup;
			children = (
				1CE683592EAEC40D0031359B /* Views */,
				1CE683562EAEC2F90031359B /* ViewModels */,
				1CE683532EAEC2700031359B /* Models */,
				1CE683442EAEB2BA0031359B /* MosquitoNotesApp.swift */,
				1CE683462EAEB2BA0031359B /* ContentView.swift */,
				1CE683482EAEB2C20031359B /* Assets.xcassets */,
				1CE6834D2EAEB2C20031359B /* MosquitoNotes.entitlements */,
				1CE6834A2EAEB2C20031359B /* Preview Content */,
			);
			path = MosquitoNotes;
			sourceTree = "<group>";
		};
		1CE6834A2EAEB2C20031359B /* Preview Content */ = {
			isa = PBXGroup;
			children = (
				1CE6834B2EAEB2C20031359B /* Preview Assets.xcassets */,
			);
			path = "Preview Content";
			sourceTree = "<group>";
		};
		1CE683532EAEC2700031359B /* Models */ = {
			isa = PBXGroup;
			children = (
				1CE683542EAEC2910031359B /* Nota.swift */,
			);
			path = Models;
			sourceTree = "<group>";
		};
		1CE683562EAEC2F90031359B /* ViewModels */ = {
			isa = PBXGroup;
			children = (
				1CE683572EAEC3120031359B /* NotaViewModel.swift */,
			);
			path = ViewModels;
			sourceTree = "<group>";
		};
		1CE683592EAEC40D0031359B /* Views */ = {
			isa = PBXGroup;
			children = (
				1CE6835A2EAEC41A0031359B /* FormView.swift */,
			);
			path = Views;
			sourceTree = "<group>";
		};
/* End PBXGroup section */

/* Begin PBXNativeTarget section */
		1CE683402EAEB2BA0031359B /* MosquitoNotes */ = {
			isa = PBXNativeTarget;
			buildConfigurationList = 1CE683502EAEB2C20031359B /* Build configuration list for PBXNativeTarget "MosquitoNotes" */;
			buildPhases = (
				1CE6833D2EAEB2BA0031359B /* Sources */,
				1CE6833E2EAEB2BA0031359B /* Frameworks */,
				1CE6833F2EAEB2BA0031359B /* Resources */,
			);
			buildRules = (
			);
			dependencies = (
			);
			name = MosquitoNotes;
			productName = MosquitoNotes;
			productReference = 1CE683412EAEB2BA0031359B /* MosquitoNotes.app */;
			productType = "com.apple.product-type.application";
		};
/* End PBXNativeTarget section */

/* Begin PBXProject section */
		1CE683392EAEB2BA0031359B /* Project object */ = {
			isa = PBXProject;
			attributes = {
				BuildIndependentTargetsInParallel = 1;
				LastSwiftUpdateCheck = 1420;
				LastUpgradeCheck = 1420;
				TargetAttributes = {
					1CE683402EAEB2BA0031359B = {
						CreatedOnToolsVersion = 14.2;
					};
				};
			};
			buildConfigurationList = 1CE6833C2EAEB2BA0031359B /* Build configuration list for PBXProject "MosquitoNotes" */;
			compatibilityVersion = "Xcode 14.0";
			developmentRegion = en;
			hasScannedForEncodings = 0;
			knownRegions = (
				en,
				Base,
			);
			mainGroup = 1CE683382EAEB2BA0031359B;
			productRefGroup = 1CE683422EAEB2BA0031359B /* Products */;
			projectDirPath = "";
			projectRoot = "";
			targets = (
				1CE683402EAEB2BA0031359B /* MosquitoNotes */,
			);
		};
/* End PBXProject section */

/* Begin PBXResourcesBuildPhase section */
		1CE6833F2EAEB2BA0031359B /* Resources */ = {
			isa = PBXResourcesBuildPhase;
			buildActionMask = 2147483647;
			files = (
				1CE6834C2EAEB2C20031359B /* Preview Assets.xcassets in Resources */,
				1CE683492EAEB2C20031359B /* Assets.xcassets in Resources */,
			);
			runOnlyForDeploymentPostprocessing = 0;
		};
/* End PBXResourcesBuildPhase section */

/* Begin PBXSourcesBuildPhase section */
		1CE6833D2EAEB2BA0031359B /* Sources */ = {
			isa = PBXSourcesBuildPhase;
			buildActionMask = 2147483647;
			files = (
				1CE683582EAEC3120031359B /* NotaViewModel.swift in Sources */,
				1CE683472EAEB2BA0031359B /* ContentView.swift in Sources */,
				1CE6835B2EAEC41A0031359B /* FormView.swift in Sources */,
				1CE683452EAEB2BA0031359B /* MosquitoNotesApp.swift in Sources */,
				1CE683552EAEC2910031359B /* Nota.swift in Sources */,
			);
			runOnlyForDeploymentPostprocessing = 0;
		};
/* End PBXSourcesBuildPhase section */

/* Begin XCBuildConfiguration section */
		1CE6834E2EAEB2C20031359B /* Debug */ = {
			isa = XCBuildConfiguration;
			buildSettings = {
				ALWAYS_SEARCH_USER_PATHS = NO;
				CLANG_ANALYZER_NONNULL = YES;
				CLANG_ANALYZER_NUMBER_OBJECT_CONVERSION = YES_AGGRESSIVE;
				CLANG_CXX_LANGUAGE_STANDARD = "gnu++20";
				CLANG_ENABLE_MODULES = YES;
				CLANG_ENABLE_OBJC_ARC = YES;
				CLANG_ENABLE_OBJC_WEAK = YES;
				CLANG_WARN_BLOCK_CAPTURE_AUTORELEASING = YES;
				CLANG_WARN_BOOL_CONVERSION = YES;
				CLANG_WARN_COMMA = YES;
				CLANG_WARN_CONSTANT_CONVERSION = YES;
				CLANG_WARN_DEPRECATED_OBJC_IMPLEMENTATIONS = YES;
				CLANG_WARN_DIRECT_OBJC_ISA_USAGE = YES_ERROR;
				CLANG_WARN_DOCUMENTATION_COMMENTS = YES;
				CLANG_WARN_EMPTY_BODY = YES;
				CLANG_WARN_ENUM_CONVERSION = YES;
				CLANG_WARN_INFINITE_RECURSION = YES;
				CLANG_WARN_INT_CONVERSION = YES;
				CLANG_WARN_NON_LITERAL_NULL_CONVERSION = YES;
				CLANG_WARN_OBJC_IMPLICIT_RETAIN_SELF = YES;
				CLANG_WARN_OBJC_LITERAL_CONVERSION = YES;
				CLANG_WARN_OBJC_ROOT_CLASS = YES_ERROR;
				CLANG_WARN_QUOTED_INCLUDE_IN_FRAMEWORK_HEADER = YES;
				CLANG_WARN_RANGE_LOOP_ANALYSIS = YES;
				CLANG_WARN_STRICT_PROTOTYPES = YES;
				CLANG_WARN_SUSPICIOUS_MOVE = YES;
				CLANG_WARN_UNGUARDED_AVAILABILITY = YES_AGGRESSIVE;
				CLANG_WARN_UNREACHABLE_CODE = YES;
				CLANG_WARN__DUPLICATE_METHOD_MATCH = YES;
				COPY_PHASE_STRIP = NO;
				DEBUG_INFORMATION_FORMAT = dwarf;
				ENABLE_STRICT_OBJC_MSGSEND = YES;
				ENABLE_TESTABILITY = YES;
				GCC_C_LANGUAGE_STANDARD = gnu11;
				GCC_DYNAMIC_NO_PIC = NO;
				GCC_NO_COMMON_BLOCKS = YES;
				GCC_OPTIMIZATION_LEVEL = 0;
				GCC_PREPROCESSOR_DEFINITIONS = (
					"DEBUG=1",
					"$(inherited)",
				);
				GCC_WARN_64_TO_32_BIT_CONVERSION = YES;
				GCC_WARN_ABOUT_RETURN_TYPE = YES_ERROR;
				GCC_WARN_UNDECLARED_SELECTOR = YES;
				GCC_WARN_UNINITIALIZED_AUTOS = YES_AGGRESSIVE;
				GCC_WARN_UNUSED_FUNCTION = YES;
				GCC_WARN_UNUSED_VARIABLE = YES;
				MACOSX_DEPLOYMENT_TARGET = 12.7;
				MTL_ENABLE_DEBUG_INFO = INCLUDE_SOURCE;
				MTL_FAST_MATH = YES;
				ONLY_ACTIVE_ARCH = YES;
				SDKROOT = macosx;
				SWIFT_ACTIVE_COMPILATION_CONDITIONS = DEBUG;
				SWIFT_OPTIMIZATION_LEVEL = "-Onone";
			};
			name = Debug;
		};
		1CE6834F2EAEB2C20031359B /* Release */ = {
			isa = XCBuildConfiguration;
			buildSettings = {
				ALWAYS_SEARCH_USER_PATHS = NO;
				CLANG_ANALYZER_NONNULL = YES;
				CLANG_ANALYZER_NUMBER_OBJECT_CONVERSION = YES_AGGRESSIVE;
				CLANG_CXX_LANGUAGE_STANDARD = "gnu++20";
				CLANG_ENABLE_MODULES = YES;
				CLANG_ENABLE_OBJC_ARC = YES;
				CLANG_ENABLE_OBJC_WEAK = YES;
				CLANG_WARN_BLOCK_CAPTURE_AUTORELEASING = YES;
				CLANG_WARN_BOOL_CONVERSION = YES;
				CLANG_WARN_COMMA = YES;
				CLANG_WARN_CONSTANT_CONVERSION = YES;
				CLANG_WARN_DEPRECATED_OBJC_IMPLEMENTATIONS = YES;
				CLANG_WARN_DIRECT_OBJC_ISA_USAGE = YES_ERROR;
				CLANG_WARN_DOCUMENTATION_COMMENTS = YES;
				CLANG_WARN_EMPTY_BODY = YES;
				CLANG_WARN_ENUM_CONVERSION = YES;
				CLANG_WARN_INFINITE_RECURSION = YES;
				CLANG_WARN_INT_CONVERSION = YES;
				CLANG_WARN_NON_LITERAL_NULL_CONVERSION = YES;
				CLANG_WARN_OBJC_IMPLICIT_RETAIN_SELF = YES;
				CLANG_WARN_OBJC_LITERAL_CONVERSION = YES;
				CLANG_WARN_OBJC_ROOT_CLASS = YES_ERROR;
				CLANG_WARN_QUOTED_INCLUDE_IN_FRAMEWORK_HEADER = YES;
				CLANG_WARN_RANGE_LOOP_ANALYSIS = YES;
				CLANG_WARN_STRICT_PROTOTYPES = YES;
				CLANG_WARN_SUSPICIOUS_MOVE = YES;
				CLANG_WARN_UNGUARDED_AVAILABILITY = YES_AGGRESSIVE;
				CLANG_WARN_UNREACHABLE_CODE = YES;
				CLANG_WARN__DUPLICATE_METHOD_MATCH = YES;
				COPY_PHASE_STRIP = NO;
				DEBUG_INFORMATION_FORMAT = "dwarf-with-dsym";
				ENABLE_NS_ASSERTIONS = NO;
				ENABLE_STRICT_OBJC_MSGSEND = YES;
				GCC_C_LANGUAGE_STANDARD = gnu11;
				GCC_NO_COMMON_BLOCKS = YES;
				GCC_WARN_64_TO_32_BIT_CONVERSION = YES;
				GCC_WARN_ABOUT_RETURN_TYPE = YES_ERROR;
				GCC_WARN_UNDECLARED_SELECTOR = YES;
				GCC_WARN_UNINITIALIZED_AUTOS = YES_AGGRESSIVE;
				GCC_WARN_UNUSED_FUNCTION = YES;
				GCC_WARN_UNUSED_VARIABLE = YES;
				MACOSX_DEPLOYMENT_TARGET = 12.7;
				MTL_ENABLE_DEBUG_INFO = NO;
				MTL_FAST_MATH = YES;
				SDKROOT = macosx;
				SWIFT_COMPILATION_MODE = wholemodule;
				SWIFT_OPTIMIZATION_LEVEL = "-O";
			};
			name = Release;
		};
		1CE683512EAEB2C20031359B /* Debug */ = {
			isa = XCBuildConfiguration;
			buildSettings = {
				ASSETCATALOG_COMPILER_APPICON_NAME = AppIcon;
				ASSETCATALOG_COMPILER_GLOBAL_ACCENT_COLOR_NAME = AccentColor;
				CODE_SIGN_ENTITLEMENTS = MosquitoNotes/MosquitoNotes.entitlements;
				CODE_SIGN_STYLE = Automatic;
				COMBINE_HIDPI_IMAGES = YES;
				CURRENT_PROJECT_VERSION = 1;
				DEVELOPMENT_ASSET_PATHS = "\"MosquitoNotes/Preview Content\"";
				ENABLE_PREVIEWS = YES;
				GENERATE_INFOPLIST_FILE = YES;
				INFOPLIST_KEY_NSHumanReadableCopyright = "";
				LD_RUNPATH_SEARCH_PATHS = (
					"$(inherited)",
					"@executable_path/../Frameworks",
				);
				MARKETING_VERSION = 1.0;
				PRODUCT_BUNDLE_IDENTIFIER = com.ltsilva1.MosquitoNotes;
				PRODUCT_NAME = "$(TARGET_NAME)";
				SWIFT_EMIT_LOC_STRINGS = YES;
				SWIFT_VERSION = 5.0;
			};
			name = Debug;
		};
		1CE683522EAEB2C20031359B /* Release */ = {
			isa = XCBuildConfiguration;
			buildSettings = {
				ASSETCATALOG_COMPILER_APPICON_NAME = AppIcon;
				ASSETCATALOG_COMPILER_GLOBAL_ACCENT_COLOR_NAME = AccentColor;
				CODE_SIGN_ENTITLEMENTS = MosquitoNotes/MosquitoNotes.entitlements;
				CODE_SIGN_STYLE = Automatic;
				COMBINE_HIDPI_IMAGES = YES;
				CURRENT_PROJECT_VERSION = 1;
				DEVELOPMENT_ASSET_PATHS = "\"MosquitoNotes/Preview Content\"";
				ENABLE_PREVIEWS = YES;
				GENERATE_INFOPLIST_FILE = YES;
				INFOPLIST_KEY_NSHumanReadableCopyright = "";
				LD_RUNPATH_SEARCH_PATHS = (
					"$(inherited)",
					"@executable_path/../Frameworks",
				);
				MARKETING_VERSION = 1.0;
				PRODUCT_BUNDLE_IDENTIFIER = com.ltsilva1.MosquitoNotes;
				PRODUCT_NAME = "$(TARGET_NAME)";
				SWIFT_EMIT_LOC_STRINGS = YES;
				SWIFT_VERSION = 5.0;
			};
			name = Release;
		};
/* End XCBuildConfiguration section */

/* Begin XCConfigurationList section */
		1CE6833C2EAEB2BA0031359B /* Build configuration list for PBXProject "MosquitoNotes" */ = {
			isa = XCConfigurationList;
			buildConfigurations = (
				1CE6834E2EAEB2C20031359B /* Debug */,
				1CE6834F2EAEB2C20031359B /* Release */,
			);
			defaultConfigurationIsVisible = 0;
			defaultConfigurationName = Release;
		};
		1CE683502EAEB2C20031359B /* Build configuration list for PBXNativeTarget "MosquitoNotes" */ = {
			isa = XCConfigurationList;
			buildConfigurations = (
				1CE683512EAEB2C20031359B /* Debug */,
				1CE683522EAEB2C20031359B /* Release */,
			);
			defaultConfigurationIsVisible = 0;
			defaultConfigurationName = Release;
		};
/* End XCConfigurationList section */
	};
	rootObject = 1CE683392EAEB2BA0031359B /* Project object */;
}
